
Microsoft Visual Studio Solution File, Format Version 12.00
# Visual Studio Version 16
VisualStudioVersion = 16.0.30413.136
MinimumVisualStudioVersion = 10.0.40219.1
Project("{FAE04EC0-301F-11D3-BF4B-00C04F79EFBC}") = "FitnessApp.BL", "FitnessApp.BL\FitnessApp.BL.csproj", "{82951239-7176-441C-81FA-D609136F3E2C}"
EndProject
Project("{FAE04EC0-301F-11D3-BF4B-00C04F79EFBC}") = "FitnessApp.CMD", "FitnessApp.CMD\FitnessApp.CMD.csproj", "{6249B284-855E-4DAB-854D-B43A3EF4CDE8}"
EndProject
Global
	GlobalSection(SolutionConfigurationPlatforms) = preSolution
		Debug|Any CPU = Debug|Any CPU
		Release|Any CPU = Release|Any CPU
	EndGlobalSection
	GlobalSection(ProjectConfigurationPlatforms) = postSolution
		{82951239-7176-441C-81FA-D609136F3E2C}.Debug|Any CPU.ActiveCfg = Debug|Any CPU
		{82951239-7176-441C-81FA-D609136F3E2C}.Debug|Any CPU.Build.0 = Debug|Any CPU
		{82951239-7176-441C-81FA-D609136F3E2C}.Release|Any CPU.ActiveCfg = Release|Any CPU
		{82951239-7176-441C-81FA-D609136F3E2C}.Release|Any CPU.Build.0 = Release|Any CPU
		{6249B284-855E-4DAB-854D-B43A3EF4CDE8}.Debug|Any CPU.ActiveCfg = Debug|Any CPU
		{6249B284-855E-4DAB-854D-B43A3EF4CDE8}.Debug|Any CPU.Build.0 = Debug|Any CPU
		{6249B284-855E-4DAB-854D-B43A3EF4CDE8}.Release|Any CPU.ActiveCfg = Release|Any CPU
		{6249B284-855E-4DAB-854D-B43A3EF4CDE8}.Release|Any CPU.Build.0 = Release|Any CPU
	EndGlobalSection
	GlobalSection(SolutionProperties) = preSolution
		HideSolutionNode = FALSE
	EndGlobalSection
	GlobalSection(ExtensibilityGlobals) = postSolution
		SolutionGuid = {EACA80C2-3381-40A0-98EC-3DFC9C56B584}
	EndGlobalSection
EndGlobal
